
Microsoft Visual Studio Solution File, Format Version 12.00
# Visual Studio Version 17
VisualStudioVersion = 17.10.35013.160
MinimumVisualStudioVersion = 10.0.40219.1
Project("{9A19103F-16F7-4668-BE54-9A1E7A4F7556}") = "Bloggie.Web", "Bloggie.Web\Bloggie.Web.csproj", "{91A3E5B1-4FBC-4CE1-B700-DC387DF79F59}"
EndProject
Project("{9A19103F-16F7-4668-BE54-9A1E7A4F7556}") = "StudentPortal.web", "..\StudentPortal\StudentPortal.web\StudentPortal.web.csproj", "{FDD9E1F0-69B7-4FD7-A49E-5C543B98AC25}"
EndProject
Global
	GlobalSection(SolutionConfigurationPlatforms) = preSolution
		Debug|Any CPU = Debug|Any CPU
		Release|Any CPU = Release|Any CPU
	EndGlobalSection
	GlobalSection(ProjectConfigurationPlatforms) = postSolution
		{91A3E5B1-4FBC-4CE1-B700-DC387DF79F59}.Debug|Any CPU.ActiveCfg = Debug|Any CPU
		{91A3E5B1-4FBC-4CE1-B700-DC387DF79F59}.Debug|Any CPU.Build.0 = Debug|Any CPU
		{91A3E5B1-4FBC-4CE1-B700-DC387DF79F59}.Release|Any CPU.ActiveCfg = Release|Any CPU
		{91A3E5B1-4FBC-4CE1-B700-DC387DF79F59}.Release|Any CPU.Build.0 = Release|Any CPU
		{FDD9E1F0-69B7-4FD7-A49E-5C543B98AC25}.Debug|Any CPU.ActiveCfg = Debug|Any CPU
		{FDD9E1F0-69B7-4FD7-A49E-5C543B98AC25}.Debug|Any CPU.Build.0 = Debug|Any CPU
		{FDD9E1F0-69B7-4FD7-A49E-5C543B98AC25}.Release|Any CPU.ActiveCfg = Release|Any CPU
		{FDD9E1F0-69B7-4FD7-A49E-5C543B98AC25}.Release|Any CPU.Build.0 = Release|Any CPU
	EndGlobalSection
	GlobalSection(SolutionProperties) = preSolution
		HideSolutionNode = FALSE
	EndGlobalSection
	GlobalSection(ExtensibilityGlobals) = postSolution
		SolutionGuid = {99B4414B-A54B-42FA-B9C2-6FDB66CF2CC4}
	EndGlobalSection
EndGlobal
